
Microsoft Visual Studio Solution File, Format Version 12.00
# Visual Studio Version 17
VisualStudioVersion = 17.0.31903.59
MinimumVisualStudioVersion = 10.0.40219.1
Project("{2150E333-8FDC-42A3-9474-1A3956D46DE8}") = "src", "src", "{3F7D8930-2CBA-4920-A1A5-0C53458065EB}"
EndProject
Project("{FAE04EC0-301F-11D3-BF4B-00C04F79EFBC}") = "MiniBanking.Api", "src\MiniBanking.Api\MiniBanking.Api.csproj", "{B194127D-BF01-473E-AD9A-B4C71F814A62}"
EndProject
Project("{2150E333-8FDC-42A3-9474-1A3956D46DE8}") = "tests", "tests", "{9B06A35B-0B69-46AE-A6A2-7BDB62676A58}"
EndProject
Project("{FAE04EC0-301F-11D3-BF4B-00C04F79EFBC}") = "MiniBanking.Tests", "tests\MiniBanking.Tests\MiniBanking.Tests.csproj", "{1B3E882F-A59E-46F0-9E64-06587F687FBF}"
EndProject
Global
	GlobalSection(SolutionConfigurationPlatforms) = preSolution
		Debug|Any CPU = Debug|Any CPU
		Release|Any CPU = Release|Any CPU
	EndGlobalSection
	GlobalSection(SolutionProperties) = preSolution
		HideSolutionNode = FALSE
	EndGlobalSection
	GlobalSection(ProjectConfigurationPlatforms) = postSolution
		{B194127D-BF01-473E-AD9A-B4C71F814A62}.Debug|Any CPU.ActiveCfg = Debug|Any CPU
		{B194127D-BF01-473E-AD9A-B4C71F814A62}.Debug|Any CPU.Build.0 = Debug|Any CPU
		{B194127D-BF01-473E-AD9A-B4C71F814A62}.Release|Any CPU.ActiveCfg = Release|Any CPU
		{B194127D-BF01-473E-AD9A-B4C71F814A62}.Release|Any CPU.Build.0 = Release|Any CPU
		{1B3E882F-A59E-46F0-9E64-06587F687FBF}.Debug|Any CPU.ActiveCfg = Debug|Any CPU
		{1B3E882F-A59E-46F0-9E64-06587F687FBF}.Debug|Any CPU.Build.0 = Debug|Any CPU
		{1B3E882F-A59E-46F0-9E64-06587F687FBF}.Release|Any CPU.ActiveCfg = Release|Any CPU
		{1B3E882F-A59E-46F0-9E64-06587F687FBF}.Release|Any CPU.Build.0 = Release|Any CPU
	EndGlobalSection
	GlobalSection(NestedProjects) = preSolution
		{B194127D-BF01-473E-AD9A-B4C71F814A62} = {3F7D8930-2CBA-4920-A1A5-0C53458065EB}
		{1B3E882F-A59E-46F0-9E64-06587F687FBF} = {9B06A35B-0B69-46AE-A6A2-7BDB62676A58}
	EndGlobalSection
EndGlobal
